
Microsoft Visual Studio Solution File, Format Version 12.00
# Visual Studio Version 16
VisualStudioVersion = 16.0.28803.452
MinimumVisualStudioVersion = 10.0.40219.1
Project("{FAE04EC0-301F-11D3-BF4B-00C04F79EFBC}") = "Assignment1", "Assignment1.csproj", "{AA3E7030-DACA-45F5-9553-0247E301812B}"
EndProject
Global
	GlobalSection(SolutionConfigurationPlatforms) = preSolution
		Debug|Any CPU = Debug|Any CPU
		Release|Any CPU = Release|Any CPU
	EndGlobalSection
	GlobalSection(ProjectConfigurationPlatforms) = postSolution
		{AA3E7030-DACA-45F5-9553-0247E301812B}.Debug|Any CPU.ActiveCfg = Debug|Any CPU
		{AA3E7030-DACA-45F5-9553-0247E301812B}.Debug|Any CPU.Build.0 = Debug|Any CPU
		{AA3E7030-DACA-45F5-9553-0247E301812B}.Release|Any CPU.ActiveCfg = Release|Any CPU
		{AA3E7030-DACA-45F5-9553-0247E301812B}.Release|Any CPU.Build.0 = Release|Any CPU
	EndGlobalSection
	GlobalSection(SolutionProperties) = preSolution
		HideSolutionNode = FALSE
	EndGlobalSection
	GlobalSection(ExtensibilityGlobals) = postSolution
		SolutionGuid = {FF5DDE01-CE28-4E78-840F-31A115826A2E}
	EndGlobalSection
EndGlobal
